
Microsoft Visual Studio Solution File, Format Version 12.00
# Visual Studio 15
Project("{FAE04EC0-301F-11D3-BF4B-00C04F79EFBC}") = "Assembly-CSharp", "Assembly-CSharp.csproj", "{57AC59B8-6033-5250-64E4-841294867AEB}"
EndProject
Project("{FAE04EC0-301F-11D3-BF4B-00C04F79EFBC}") = "Assembly-CSharp-Editor-firstpass", "Assembly-CSharp-Editor-firstpass.csproj", "{AAF5481A-9D89-F8E0-C876-7A52D91A38BE}"
EndProject
Global
	GlobalSection(SolutionConfigurationPlatforms) = preSolution
		Debug|Any CPU = Debug|Any CPU
		Release|Any CPU = Release|Any CPU
	EndGlobalSection
	GlobalSection(ProjectConfigurationPlatforms) = postSolution
		{57AC59B8-6033-5250-64E4-841294867AEB}.Debug|Any CPU.ActiveCfg = Debug|Any CPU
		{57AC59B8-6033-5250-64E4-841294867AEB}.Debug|Any CPU.Build.0 = Debug|Any CPU
		{57AC59B8-6033-5250-64E4-841294867AEB}.Release|Any CPU.ActiveCfg = Release|Any CPU
		{57AC59B8-6033-5250-64E4-841294867AEB}.Release|Any CPU.Build.0 = Release|Any CPU
		{AAF5481A-9D89-F8E0-C876-7A52D91A38BE}.Debug|Any CPU.ActiveCfg = Debug|Any CPU
		{AAF5481A-9D89-F8E0-C876-7A52D91A38BE}.Debug|Any CPU.Build.0 = Debug|Any CPU
		{AAF5481A-9D89-F8E0-C876-7A52D91A38BE}.Release|Any CPU.ActiveCfg = Release|Any CPU
		{AAF5481A-9D89-F8E0-C876-7A52D91A38BE}.Release|Any CPU.Build.0 = Release|Any CPU
	EndGlobalSection
	GlobalSection(SolutionProperties) = preSolution
		HideSolutionNode = FALSE
	EndGlobalSection
EndGlobal
